
Microsoft Visual Studio Solution File, Format Version 12.00
# Visual Studio 2013
VisualStudioVersion = 12.0.30501.0
MinimumVisualStudioVersion = 10.0.40219.1
Project("{FAE04EC0-301F-11D3-BF4B-00C04F79EFBC}") = "isometric_mono", "isometric_mono\isometric_mono.csproj", "{4449DE38-C229-4822-853E-8AD96998959E}"
EndProject
Project("{FAE04EC0-301F-11D3-BF4B-00C04F79EFBC}") = "GameName1", "GameName1\GameName1\GameName1.csproj", "{913F0E5E-B391-4565-889E-CA4763E67850}"
EndProject
Project("{FAE04EC0-301F-11D3-BF4B-00C04F79EFBC}") = "GameName2", "GameName2\GameName2\GameName2.csproj", "{1F4A2057-C2CA-4CC4-936A-CC5915EFF65F}"
EndProject
Project("{FAE04EC0-301F-11D3-BF4B-00C04F79EFBC}") = "GameName2Content", "GameName2\GameName2Content\GameName2Content.contentproj", "{C19CE215-ED56-43AE-AF37-13ADCDDBFC52}"
EndProject
Global
	GlobalSection(SolutionConfigurationPlatforms) = preSolution
		Android|Any CPU = Android|Any CPU
		Android|Mixed Platforms = Android|Mixed Platforms
		Android|x86 = Android|x86
		Debug|Any CPU = Debug|Any CPU
		Debug|Mixed Platforms = Debug|Mixed Platforms
		Debug|x86 = Debug|x86
		iOS|Any CPU = iOS|Any CPU
		iOS|Mixed Platforms = iOS|Mixed Platforms
		iOS|x86 = iOS|x86
		Linux|Any CPU = Linux|Any CPU
		Linux|Mixed Platforms = Linux|Mixed Platforms
		Linux|x86 = Linux|x86
		OSX|Any CPU = OSX|Any CPU
		OSX|Mixed Platforms = OSX|Mixed Platforms
		OSX|x86 = OSX|x86
		PSM|Any CPU = PSM|Any CPU
		PSM|Mixed Platforms = PSM|Mixed Platforms
		PSM|x86 = PSM|x86
		Release|Any CPU = Release|Any CPU
		Release|Mixed Platforms = Release|Mixed Platforms
		Release|x86 = Release|x86
		Windows|Any CPU = Windows|Any CPU
		Windows|Mixed Platforms = Windows|Mixed Platforms
		Windows|x86 = Windows|x86
		Windows8|Any CPU = Windows8|Any CPU
		Windows8|Mixed Platforms = Windows8|Mixed Platforms
		Windows8|x86 = Windows8|x86
	EndGlobalSection
	GlobalSection(ProjectConfigurationPlatforms) = postSolution
		{4449DE38-C229-4822-853E-8AD96998959E}.Android|Any CPU.ActiveCfg = Release|x86
		{4449DE38-C229-4822-853E-8AD96998959E}.Android|Mixed Platforms.ActiveCfg = Release|x86
		{4449DE38-C229-4822-853E-8AD96998959E}.Android|Mixed Platforms.Build.0 = Release|x86
		{4449DE38-C229-4822-853E-8AD96998959E}.Android|x86.ActiveCfg = Release|x86
		{4449DE38-C229-4822-853E-8AD96998959E}.Android|x86.Build.0 = Release|x86
		{4449DE38-C229-4822-853E-8AD96998959E}.Debug|Any CPU.ActiveCfg = Debug|x86
		{4449DE38-C229-4822-853E-8AD96998959E}.Debug|Mixed Platforms.ActiveCfg = Debug|x86
		{4449DE38-C229-4822-853E-8AD96998959E}.Debug|Mixed Platforms.Build.0 = Debug|x86
		{4449DE38-C229-4822-853E-8AD96998959E}.Debug|x86.ActiveCfg = Debug|x86
		{4449DE38-C229-4822-853E-8AD96998959E}.Debug|x86.Build.0 = Debug|x86
		{4449DE38-C229-4822-853E-8AD96998959E}.iOS|Any CPU.ActiveCfg = Release|x86
		{4449DE38-C229-4822-853E-8AD96998959E}.iOS|Mixed Platforms.ActiveCfg = Release|x86
		{4449DE38-C229-4822-853E-8AD96998959E}.iOS|Mixed Platforms.Build.0 = Release|x86
		{4449DE38-C229-4822-853E-8AD96998959E}.iOS|x86.ActiveCfg = Release|x86
		{4449DE38-C229-4822-853E-8AD96998959E}.iOS|x86.Build.0 = Release|x86
		{4449DE38-C229-4822-853E-8AD96998959E}.Linux|Any CPU.ActiveCfg = Release|x86
		{4449DE38-C229-4822-853E-8AD96998959E}.Linux|Mixed Platforms.ActiveCfg = Release|x86
		{4449DE38-C229-4822-853E-8AD96998959E}.Linux|Mixed Platforms.Build.0 = Release|x86
		{4449DE38-C229-4822-853E-8AD96998959E}.Linux|x86.ActiveCfg = Release|x86
		{4449DE38-C229-4822-853E-8AD96998959E}.Linux|x86.Build.0 = Release|x86
		{4449DE38-C229-4822-853E-8AD96998959E}.OSX|Any CPU.ActiveCfg = Release|x86
		{4449DE38-C229-4822-853E-8AD96998959E}.OSX|Mixed Platforms.ActiveCfg = Release|x86
		{4449DE38-C229-4822-853E-8AD96998959E}.OSX|Mixed Platforms.Build.0 = Release|x86
		{4449DE38-C229-4822-853E-8AD96998959E}.OSX|x86.ActiveCfg = Release|x86
		{4449DE38-C229-4822-853E-8AD96998959E}.OSX|x86.Build.0 = Release|x86
		{4449DE38-C229-4822-853E-8AD96998959E}.PSM|Any CPU.ActiveCfg = Release|x86
		{4449DE38-C229-4822-853E-8AD96998959E}.PSM|Mixed Platforms.ActiveCfg = Release|x86
		{4449DE38-C229-4822-853E-8AD96998959E}.PSM|Mixed Platforms.Build.0 = Release|x86
		{4449DE38-C229-4822-853E-8AD96998959E}.PSM|x86.ActiveCfg = Release|x86
		{4449DE38-C229-4822-853E-8AD96998959E}.PSM|x86.Build.0 = Release|x86
		{4449DE38-C229-4822-853E-8AD96998959E}.Release|Any CPU.ActiveCfg = Release|x86
		{4449DE38-C229-4822-853E-8AD96998959E}.Release|Mixed Platforms.ActiveCfg = Release|x86
		{4449DE38-C229-4822-853E-8AD96998959E}.Release|Mixed Platforms.Build.0 = Release|x86
		{4449DE38-C229-4822-853E-8AD96998959E}.Release|x86.ActiveCfg = Release|x86
		{4449DE38-C229-4822-853E-8AD96998959E}.Release|x86.Build.0 = Release|x86
		{4449DE38-C229-4822-853E-8AD96998959E}.Windows|Any CPU.ActiveCfg = Release|x86
		{4449DE38-C229-4822-853E-8AD96998959E}.Windows|Mixed Platforms.ActiveCfg = Release|x86
		{4449DE38-C229-4822-853E-8AD96998959E}.Windows|Mixed Platforms.Build.0 = Release|x86
		{4449DE38-C229-4822-853E-8AD96998959E}.Windows|x86.ActiveCfg = Release|x86
		{4449DE38-C229-4822-853E-8AD96998959E}.Windows|x86.Build.0 = Release|x86
		{4449DE38-C229-4822-853E-8AD96998959E}.Windows8|Any CPU.ActiveCfg = Release|x86
		{4449DE38-C229-4822-853E-8AD96998959E}.Windows8|Mixed Platforms.ActiveCfg = Release|x86
		{4449DE38-C229-4822-853E-8AD96998959E}.Windows8|Mixed Platforms.Build.0 = Release|x86
		{4449DE38-C229-4822-853E-8AD96998959E}.Windows8|x86.ActiveCfg = Release|x86
		{4449DE38-C229-4822-853E-8AD96998959E}.Windows8|x86.Build.0 = Release|x86
		{913F0E5E-B391-4565-889E-CA4763E67850}.Android|Any CPU.ActiveCfg = Android|Any CPU
		{913F0E5E-B391-4565-889E-CA4763E67850}.Android|Any CPU.Build.0 = Android|Any CPU
		{913F0E5E-B391-4565-889E-CA4763E67850}.Android|Mixed Platforms.ActiveCfg = Android|Any CPU
		{913F0E5E-B391-4565-889E-CA4763E67850}.Android|Mixed Platforms.Build.0 = Android|Any CPU
		{913F0E5E-B391-4565-889E-CA4763E67850}.Android|x86.ActiveCfg = Android|Any CPU
		{913F0E5E-B391-4565-889E-CA4763E67850}.Debug|Any CPU.ActiveCfg = PSM|Any CPU
		{913F0E5E-B391-4565-889E-CA4763E67850}.Debug|Any CPU.Build.0 = PSM|Any CPU
		{913F0E5E-B391-4565-889E-CA4763E67850}.Debug|Mixed Platforms.ActiveCfg = PSM|Any CPU
		{913F0E5E-B391-4565-889E-CA4763E67850}.Debug|Mixed Platforms.Build.0 = PSM|Any CPU
		{913F0E5E-B391-4565-889E-CA4763E67850}.Debug|x86.ActiveCfg = PSM|Any CPU
		{913F0E5E-B391-4565-889E-CA4763E67850}.iOS|Any CPU.ActiveCfg = iOS|Any CPU
		{913F0E5E-B391-4565-889E-CA4763E67850}.iOS|Any CPU.Build.0 = iOS|Any CPU
		{913F0E5E-B391-4565-889E-CA4763E67850}.iOS|Mixed Platforms.ActiveCfg = iOS|Any CPU
		{913F0E5E-B391-4565-889E-CA4763E67850}.iOS|Mixed Platforms.Build.0 = iOS|Any CPU
		{913F0E5E-B391-4565-889E-CA4763E67850}.iOS|x86.ActiveCfg = iOS|Any CPU
		{913F0E5E-B391-4565-889E-CA4763E67850}.Linux|Any CPU.ActiveCfg = Linux|Any CPU
		{913F0E5E-B391-4565-889E-CA4763E67850}.Linux|Any CPU.Build.0 = Linux|Any CPU
		{913F0E5E-B391-4565-889E-CA4763E67850}.Linux|Mixed Platforms.ActiveCfg = Linux|Any CPU
		{913F0E5E-B391-4565-889E-CA4763E67850}.Linux|Mixed Platforms.Build.0 = Linux|Any CPU
		{913F0E5E-B391-4565-889E-CA4763E67850}.Linux|x86.ActiveCfg = Linux|Any CPU
		{913F0E5E-B391-4565-889E-CA4763E67850}.OSX|Any CPU.ActiveCfg = OSX|Any CPU
		{913F0E5E-B391-4565-889E-CA4763E67850}.OSX|Any CPU.Build.0 = OSX|Any CPU
		{913F0E5E-B391-4565-889E-CA4763E67850}.OSX|Mixed Platforms.ActiveCfg = OSX|Any CPU
		{913F0E5E-B391-4565-889E-CA4763E67850}.OSX|Mixed Platforms.Build.0 = OSX|Any CPU
		{913F0E5E-B391-4565-889E-CA4763E67850}.OSX|x86.ActiveCfg = OSX|Any CPU
		{913F0E5E-B391-4565-889E-CA4763E67850}.PSM|Any CPU.ActiveCfg = PSM|Any CPU
		{913F0E5E-B391-4565-889E-CA4763E67850}.PSM|Any CPU.Build.0 = PSM|Any CPU
		{913F0E5E-B391-4565-889E-CA4763E67850}.PSM|Mixed Platforms.ActiveCfg = PSM|Any CPU
		{913F0E5E-B391-4565-889E-CA4763E67850}.PSM|Mixed Platforms.Build.0 = PSM|Any CPU
		{913F0E5E-B391-4565-889E-CA4763E67850}.PSM|x86.ActiveCfg = PSM|Any CPU
		{913F0E5E-B391-4565-889E-CA4763E67850}.Release|Any CPU.ActiveCfg = PSM|Any CPU
		{913F0E5E-B391-4565-889E-CA4763E67850}.Release|Any CPU.Build.0 = PSM|Any CPU
		{913F0E5E-B391-4565-889E-CA4763E67850}.Release|Mixed Platforms.ActiveCfg = PSM|Any CPU
		{913F0E5E-B391-4565-889E-CA4763E67850}.Release|Mixed Platforms.Build.0 = PSM|Any CPU
		{913F0E5E-B391-4565-889E-CA4763E67850}.Release|x86.ActiveCfg = PSM|Any CPU
		{913F0E5E-B391-4565-889E-CA4763E67850}.Windows|Any CPU.ActiveCfg = Windows|Any CPU
		{913F0E5E-B391-4565-889E-CA4763E67850}.Windows|Any CPU.Build.0 = Windows|Any CPU
		{913F0E5E-B391-4565-889E-CA4763E67850}.Windows|Mixed Platforms.ActiveCfg = Windows|Any CPU
		{913F0E5E-B391-4565-889E-CA4763E67850}.Windows|Mixed Platforms.Build.0 = Windows|Any CPU
		{913F0E5E-B391-4565-889E-CA4763E67850}.Windows|x86.ActiveCfg = Windows|Any CPU
		{913F0E5E-B391-4565-889E-CA4763E67850}.Windows8|Any CPU.ActiveCfg = Windows8|Any CPU
		{913F0E5E-B391-4565-889E-CA4763E67850}.Windows8|Any CPU.Build.0 = Windows8|Any CPU
		{913F0E5E-B391-4565-889E-CA4763E67850}.Windows8|Mixed Platforms.ActiveCfg = Windows8|Any CPU
		{913F0E5E-B391-4565-889E-CA4763E67850}.Windows8|Mixed Platforms.Build.0 = Windows8|Any CPU
		{913F0E5E-B391-4565-889E-CA4763E67850}.Windows8|x86.ActiveCfg = Windows8|Any CPU
		{1F4A2057-C2CA-4CC4-936A-CC5915EFF65F}.Android|Any CPU.ActiveCfg = Android|Any CPU
		{1F4A2057-C2CA-4CC4-936A-CC5915EFF65F}.Android|Any CPU.Build.0 = Android|Any CPU
		{1F4A2057-C2CA-4CC4-936A-CC5915EFF65F}.Android|Mixed Platforms.ActiveCfg = Android|Any CPU
		{1F4A2057-C2CA-4CC4-936A-CC5915EFF65F}.Android|Mixed Platforms.Build.0 = Android|Any CPU
		{1F4A2057-C2CA-4CC4-936A-CC5915EFF65F}.Android|x86.ActiveCfg = Android|Any CPU
		{1F4A2057-C2CA-4CC4-936A-CC5915EFF65F}.Debug|Any CPU.ActiveCfg = PSM|Any CPU
		{1F4A2057-C2CA-4CC4-936A-CC5915EFF65F}.Debug|Any CPU.Build.0 = PSM|Any CPU
		{1F4A2057-C2CA-4CC4-936A-CC5915EFF65F}.Debug|Mixed Platforms.ActiveCfg = PSM|Any CPU
		{1F4A2057-C2CA-4CC4-936A-CC5915EFF65F}.Debug|Mixed Platforms.Build.0 = PSM|Any CPU
		{1F4A2057-C2CA-4CC4-936A-CC5915EFF65F}.Debug|x86.ActiveCfg = PSM|Any CPU
		{1F4A2057-C2CA-4CC4-936A-CC5915EFF65F}.iOS|Any CPU.ActiveCfg = iOS|Any CPU
		{1F4A2057-C2CA-4CC4-936A-CC5915EFF65F}.iOS|Any CPU.Build.0 = iOS|Any CPU
		{1F4A2057-C2CA-4CC4-936A-CC5915EFF65F}.iOS|Mixed Platforms.ActiveCfg = iOS|Any CPU
		{1F4A2057-C2CA-4CC4-936A-CC5915EFF65F}.iOS|Mixed Platforms.Build.0 = iOS|Any CPU
		{1F4A2057-C2CA-4CC4-936A-CC5915EFF65F}.iOS|x86.ActiveCfg = iOS|Any CPU
		{1F4A2057-C2CA-4CC4-936A-CC5915EFF65F}.Linux|Any CPU.ActiveCfg = Linux|Any CPU
		{1F4A2057-C2CA-4CC4-936A-CC5915EFF65F}.Linux|Any CPU.Build.0 = Linux|Any CPU
		{1F4A2057-C2CA-4CC4-936A-CC5915EFF65F}.Linux|Mixed Platforms.ActiveCfg = Linux|Any CPU
		{1F4A2057-C2CA-4CC4-936A-CC5915EFF65F}.Linux|Mixed Platforms.Build.0 = Linux|Any CPU
		{1F4A2057-C2CA-4CC4-936A-CC5915EFF65F}.Linux|x86.ActiveCfg = Linux|Any CPU
		{1F4A2057-C2CA-4CC4-936A-CC5915EFF65F}.OSX|Any CPU.ActiveCfg = OSX|Any CPU
		{1F4A2057-C2CA-4CC4-936A-CC5915EFF65F}.OSX|Any CPU.Build.0 = OSX|Any CPU
		{1F4A2057-C2CA-4CC4-936A-CC5915EFF65F}.OSX|Mixed Platforms.ActiveCfg = OSX|Any CPU
		{1F4A2057-C2CA-4CC4-936A-CC5915EFF65F}.OSX|Mixed Platforms.Build.0 = OSX|Any CPU
		{1F4A2057-C2CA-4CC4-936A-CC5915EFF65F}.OSX|x86.ActiveCfg = OSX|Any CPU
		{1F4A2057-C2CA-4CC4-936A-CC5915EFF65F}.PSM|Any CPU.ActiveCfg = PSM|Any CPU
		{1F4A2057-C2CA-4CC4-936A-CC5915EFF65F}.PSM|Any CPU.Build.0 = PSM|Any CPU
		{1F4A2057-C2CA-4CC4-936A-CC5915EFF65F}.PSM|Mixed Platforms.ActiveCfg = PSM|Any CPU
		{1F4A2057-C2CA-4CC4-936A-CC5915EFF65F}.PSM|Mixed Platforms.Build.0 = PSM|Any CPU
		{1F4A2057-C2CA-4CC4-936A-CC5915EFF65F}.PSM|x86.ActiveCfg = PSM|Any CPU
		{1F4A2057-C2CA-4CC4-936A-CC5915EFF65F}.Release|Any CPU.ActiveCfg = PSM|Any CPU
		{1F4A2057-C2CA-4CC4-936A-CC5915EFF65F}.Release|Any CPU.Build.0 = PSM|Any CPU
		{1F4A2057-C2CA-4CC4-936A-CC5915EFF65F}.Release|Mixed Platforms.ActiveCfg = PSM|Any CPU
		{1F4A2057-C2CA-4CC4-936A-CC5915EFF65F}.Release|Mixed Platforms.Build.0 = PSM|Any CPU
		{1F4A2057-C2CA-4CC4-936A-CC5915EFF65F}.Release|x86.ActiveCfg = PSM|Any CPU
		{1F4A2057-C2CA-4CC4-936A-CC5915EFF65F}.Windows|Any CPU.ActiveCfg = Windows|Any CPU
		{1F4A2057-C2CA-4CC4-936A-CC5915EFF65F}.Windows|Any CPU.Build.0 = Windows|Any CPU
		{1F4A2057-C2CA-4CC4-936A-CC5915EFF65F}.Windows|Mixed Platforms.ActiveCfg = Windows|Any CPU
		{1F4A2057-C2CA-4CC4-936A-CC5915EFF65F}.Windows|Mixed Platforms.Build.0 = Windows|Any CPU
		{1F4A2057-C2CA-4CC4-936A-CC5915EFF65F}.Windows|x86.ActiveCfg = Windows|Any CPU
		{1F4A2057-C2CA-4CC4-936A-CC5915EFF65F}.Windows8|Any CPU.ActiveCfg = Windows8|Any CPU
		{1F4A2057-C2CA-4CC4-936A-CC5915EFF65F}.Windows8|Any CPU.Build.0 = Windows8|Any CPU
		{1F4A2057-C2CA-4CC4-936A-CC5915EFF65F}.Windows8|Mixed Platforms.ActiveCfg = Windows8|Any CPU
		{1F4A2057-C2CA-4CC4-936A-CC5915EFF65F}.Windows8|Mixed Platforms.Build.0 = Windows8|Any CPU
		{1F4A2057-C2CA-4CC4-936A-CC5915EFF65F}.Windows8|x86.ActiveCfg = Windows8|Any CPU
		{C19CE215-ED56-43AE-AF37-13ADCDDBFC52}.Android|Any CPU.ActiveCfg = Android|Any CPU
		{C19CE215-ED56-43AE-AF37-13ADCDDBFC52}.Android|Mixed Platforms.ActiveCfg = Android|Any CPU
		{C19CE215-ED56-43AE-AF37-13ADCDDBFC52}.Android|x86.ActiveCfg = Android|Any CPU
		{C19CE215-ED56-43AE-AF37-13ADCDDBFC52}.Debug|Any CPU.ActiveCfg = PSM|Any CPU
		{C19CE215-ED56-43AE-AF37-13ADCDDBFC52}.Debug|Mixed Platforms.ActiveCfg = PSM|Any CPU
		{C19CE215-ED56-43AE-AF37-13ADCDDBFC52}.Debug|x86.ActiveCfg = PSM|Any CPU
		{C19CE215-ED56-43AE-AF37-13ADCDDBFC52}.iOS|Any CPU.ActiveCfg = iOS|Any CPU
		{C19CE215-ED56-43AE-AF37-13ADCDDBFC52}.iOS|Mixed Platforms.ActiveCfg = iOS|Any CPU
		{C19CE215-ED56-43AE-AF37-13ADCDDBFC52}.iOS|x86.ActiveCfg = iOS|Any CPU
		{C19CE215-ED56-43AE-AF37-13ADCDDBFC52}.Linux|Any CPU.ActiveCfg = Linux|Any CPU
		{C19CE215-ED56-43AE-AF37-13ADCDDBFC52}.Linux|Mixed Platforms.ActiveCfg = Linux|Any CPU
		{C19CE215-ED56-43AE-AF37-13ADCDDBFC52}.Linux|x86.ActiveCfg = Linux|Any CPU
		{C19CE215-ED56-43AE-AF37-13ADCDDBFC52}.OSX|Any CPU.ActiveCfg = OSX|Any CPU
		{C19CE215-ED56-43AE-AF37-13ADCDDBFC52}.OSX|Mixed Platforms.ActiveCfg = OSX|Any CPU
		{C19CE215-ED56-43AE-AF37-13ADCDDBFC52}.OSX|x86.ActiveCfg = OSX|Any CPU
		{C19CE215-ED56-43AE-AF37-13ADCDDBFC52}.PSM|Any CPU.ActiveCfg = PSM|Any CPU
		{C19CE215-ED56-43AE-AF37-13ADCDDBFC52}.PSM|Mixed Platforms.ActiveCfg = PSM|Any CPU
		{C19CE215-ED56-43AE-AF37-13ADCDDBFC52}.PSM|x86.ActiveCfg = PSM|Any CPU
		{C19CE215-ED56-43AE-AF37-13ADCDDBFC52}.Release|Any CPU.ActiveCfg = PSM|Any CPU
		{C19CE215-ED56-43AE-AF37-13ADCDDBFC52}.Release|Mixed Platforms.ActiveCfg = PSM|Any CPU
		{C19CE215-ED56-43AE-AF37-13ADCDDBFC52}.Release|x86.ActiveCfg = PSM|Any CPU
		{C19CE215-ED56-43AE-AF37-13ADCDDBFC52}.Windows|Any CPU.ActiveCfg = Windows|Any CPU
		{C19CE215-ED56-43AE-AF37-13ADCDDBFC52}.Windows|Mixed Platforms.ActiveCfg = Windows|Any CPU
		{C19CE215-ED56-43AE-AF37-13ADCDDBFC52}.Windows|x86.ActiveCfg = Windows|Any CPU
		{C19CE215-ED56-43AE-AF37-13ADCDDBFC52}.Windows8|Any CPU.ActiveCfg = Windows8|Any CPU
		{C19CE215-ED56-43AE-AF37-13ADCDDBFC52}.Windows8|Mixed Platforms.ActiveCfg = Windows8|Any CPU
		{C19CE215-ED56-43AE-AF37-13ADCDDBFC52}.Windows8|x86.ActiveCfg = Windows8|Any CPU
	EndGlobalSection
	GlobalSection(SolutionProperties) = preSolution
		HideSolutionNode = FALSE
	EndGlobalSection
EndGlobal
